
Microsoft Visual Studio Solution File, Format Version 12.00
# Visual Studio Express 15 for Windows Desktop
VisualStudioVersion = 15.0.27428.2002
MinimumVisualStudioVersion = 10.0.40219.1
Project("{FAE04EC0-301F-11D3-BF4B-00C04F79EFBC}") = "CardWar", "CardWar.csproj", "{E5527438-E1AC-4435-9B9E-F5FEEA42A2D9}"
EndProject
Project("{FAE04EC0-301F-11D3-BF4B-00C04F79EFBC}") = "movingStuff", "..\movingStuff\movingStuff.csproj", "{716947B7-A581-41F2-99A7-A791CA6B08D2}"
EndProject
Project("{FAE04EC0-301F-11D3-BF4B-00C04F79EFBC}") = "Prvni", "..\OOP\Prvni\Prvni.csproj", "{B55B7B7D-7957-4295-B862-82062915C25F}"
EndProject
Global
	GlobalSection(SolutionConfigurationPlatforms) = preSolution
		Debug|Any CPU = Debug|Any CPU
		Release|Any CPU = Release|Any CPU
	EndGlobalSection
	GlobalSection(ProjectConfigurationPlatforms) = postSolution
		{E5527438-E1AC-4435-9B9E-F5FEEA42A2D9}.Debug|Any CPU.ActiveCfg = Debug|Any CPU
		{E5527438-E1AC-4435-9B9E-F5FEEA42A2D9}.Debug|Any CPU.Build.0 = Debug|Any CPU
		{E5527438-E1AC-4435-9B9E-F5FEEA42A2D9}.Release|Any CPU.ActiveCfg = Release|Any CPU
		{E5527438-E1AC-4435-9B9E-F5FEEA42A2D9}.Release|Any CPU.Build.0 = Release|Any CPU
		{716947B7-A581-41F2-99A7-A791CA6B08D2}.Debug|Any CPU.ActiveCfg = Debug|Any CPU
		{716947B7-A581-41F2-99A7-A791CA6B08D2}.Debug|Any CPU.Build.0 = Debug|Any CPU
		{716947B7-A581-41F2-99A7-A791CA6B08D2}.Release|Any CPU.ActiveCfg = Release|Any CPU
		{716947B7-A581-41F2-99A7-A791CA6B08D2}.Release|Any CPU.Build.0 = Release|Any CPU
		{B55B7B7D-7957-4295-B862-82062915C25F}.Debug|Any CPU.ActiveCfg = Debug|Any CPU
		{B55B7B7D-7957-4295-B862-82062915C25F}.Debug|Any CPU.Build.0 = Debug|Any CPU
		{B55B7B7D-7957-4295-B862-82062915C25F}.Release|Any CPU.ActiveCfg = Release|Any CPU
		{B55B7B7D-7957-4295-B862-82062915C25F}.Release|Any CPU.Build.0 = Release|Any CPU
	EndGlobalSection
	GlobalSection(SolutionProperties) = preSolution
		HideSolutionNode = FALSE
	EndGlobalSection
	GlobalSection(ExtensibilityGlobals) = postSolution
		SolutionGuid = {FFBDBBEF-8CEF-4E15-AE99-FAEB145EAE45}
	EndGlobalSection
EndGlobal
